%{
  "anoma": {:git, "https://github.com/anoma/anoma", "f65074ee35d8c4bb66fbd3af13ab915ccc18bc22", [tag: "v0.34.0"]},
  "bandit": {:hex, :bandit, "1.7.0", "d1564f30553c97d3e25f9623144bb8df11f3787a26733f00b21699a128105c0c", [:mix], [{:hpax, "~> 1.0", [hex: :hpax, repo: "hexpm", optional: false]}, {:plug, "~> 1.18", [hex: :plug, repo: "hexpm", optional: false]}, {:telemetry, "~> 0.4 or ~> 1.0", [hex: :telemetry, repo: "hexpm", optional: false]}, {:thousand_island, "~> 1.0", [hex: :thousand_island, repo: "hexpm", optional: false]}, {:websock, "~> 0.5", [hex: :websock, repo: "hexpm", optional: false]}], "hexpm", "3e2f7a98c7a11f48d9d8c037f7177cd39778e74d55c7af06fe6227c742a8168a"},
  "bunt": {:hex, :bunt, "1.0.0", "081c2c665f086849e6d57900292b3a161727ab40431219529f13c4ddcf3e7a44", [:mix], [], "hexpm", "dc5f86aa08a5f6fa6b8096f0735c4e76d54ae5c9fa2c143e5a1fc7c1cd9bb6b5"},
  "cairo": {:git, "https://github.com/anoma/aarm-cairo", "a5a2778a4ad9b2ff40cea471ac777089149b9fda", [ref: "a5a2778a4ad9b2ff40cea471ac777089149b9fda"]},
  "castore": {:hex, :castore, "1.0.14", "4582dd7d630b48cf5e1ca8d3d42494db51e406b7ba704e81fbd401866366896a", [:mix], [], "hexpm", "7bc1b65249d31701393edaaac18ec8398d8974d52c647b7904d01b964137b9f4"},
  "certifi": {:hex, :certifi, "2.15.0", "0e6e882fcdaaa0a5a9f2b3db55b1394dba07e8d6d9bcad08318fb604c6839712", [:rebar3], [], "hexpm", "b147ed22ce71d72eafdad94f055165c1c182f61a2ff49df28bcc71d1d5b94a60"},
  "combine": {:hex, :combine, "0.10.0", "eff8224eeb56498a2af13011d142c5e7997a80c8f5b97c499f84c841032e429f", [:mix], [], "hexpm", "1b1dbc1790073076580d0d1d64e42eae2366583e7aecd455d1215b0d16f2451b"},
  "cowboy": {:hex, :cowboy, "2.13.0", "09d770dd5f6a22cc60c071f432cd7cb87776164527f205c5a6b0f24ff6b38990", [:make, :rebar3], [{:cowlib, ">= 2.14.0 and < 3.0.0", [hex: :cowlib, repo: "hexpm", optional: false]}, {:ranch, ">= 1.8.0 and < 3.0.0", [hex: :ranch, repo: "hexpm", optional: false]}], "hexpm", "e724d3a70995025d654c1992c7b11dbfea95205c047d86ff9bf1cda92ddc5614"},
  "cowlib": {:hex, :cowlib, "2.15.0", "3c97a318a933962d1c12b96ab7c1d728267d2c523c25a5b57b0f93392b6e9e25", [:make, :rebar3], [], "hexpm", "4f00c879a64b4fe7c8fcb42a4281925e9ffdb928820b03c3ad325a617e857532"},
  "credo": {:hex, :credo, "1.7.12", "9e3c20463de4b5f3f23721527fcaf16722ec815e70ff6c60b86412c695d426c1", [:mix], [{:bunt, "~> 0.2.1 or ~> 1.0", [hex: :bunt, repo: "hexpm", optional: false]}, {:file_system, "~> 0.2 or ~> 1.0", [hex: :file_system, repo: "hexpm", optional: false]}, {:jason, "~> 1.0", [hex: :jason, repo: "hexpm", optional: false]}], "hexpm", "8493d45c656c5427d9c729235b99d498bd133421f3e0a683e5c1b561471291e5"},
  "dialyxir": {:hex, :dialyxir, "1.4.5", "ca1571ac18e0f88d4ab245f0b60fa31ff1b12cbae2b11bd25d207f865e8ae78a", [:mix], [{:erlex, ">= 0.2.7", [hex: :erlex, repo: "hexpm", optional: false]}], "hexpm", "b0fb08bb8107c750db5c0b324fa2df5ceaa0f9307690ee3c1f6ba5b9eb5d35c3"},
  "earmark_parser": {:hex, :earmark_parser, "1.4.44", "f20830dd6b5c77afe2b063777ddbbff09f9759396500cdbe7523efd58d7a339c", [:mix], [], "hexpm", "4778ac752b4701a5599215f7030989c989ffdc4f6df457c5f36938cc2d2a2750"},
  "enacl": {:git, "https://github.com/anoma/enacl/", "23173637c495b85d56f205e4721cfe5afdef92e9", [ref: "23173637c495b85d56f205e4721cfe5afdef92e9"]},
  "erlex": {:hex, :erlex, "0.2.7", "810e8725f96ab74d17aac676e748627a07bc87eb950d2b83acd29dc047a30595", [:mix], [], "hexpm", "3ed95f79d1a844c3f6bf0cea61e0d5612a42ce56da9c03f01df538685365efb0"},
  "ex_doc": {:hex, :ex_doc, "0.38.2", "504d25eef296b4dec3b8e33e810bc8b5344d565998cd83914ffe1b8503737c02", [:mix], [{:earmark_parser, "~> 1.4.44", [hex: :earmark_parser, repo: "hexpm", optional: false]}, {:makeup_c, ">= 0.1.0", [hex: :makeup_c, repo: "hexpm", optional: true]}, {:makeup_elixir, "~> 0.14 or ~> 1.0", [hex: :makeup_elixir, repo: "hexpm", optional: false]}, {:makeup_erlang, "~> 0.1 or ~> 1.0", [hex: :makeup_erlang, repo: "hexpm", optional: false]}, {:makeup_html, ">= 0.1.0", [hex: :makeup_html, repo: "hexpm", optional: true]}], "hexpm", "732f2d972e42c116a70802f9898c51b54916e542cc50968ac6980512ec90f42b"},
  "ex_keccak": {:hex, :ex_keccak, "0.7.7", "7949876bed6878ea88915530437cd52bf4b1560d155984596ff86437545bdf9a", [:mix], [{:rustler, ">= 0.0.0", [hex: :rustler, repo: "hexpm", optional: true]}, {:rustler_precompiled, "~> 0.8", [hex: :rustler_precompiled, repo: "hexpm", optional: false]}], "hexpm", "95d77ef1ae0605c77ec6f2100a009d28d75203d4e0f58117d7e5e1cfc3973dc2"},
  "ex_secp256k1": {:hex, :ex_secp256k1, "0.7.5", "46e2de19374585da06d99d39de9c6ef9bd666fdf90930d7963cb7dbf1141af46", [:mix], [{:rustler, ">= 0.0.0", [hex: :rustler, repo: "hexpm", optional: true]}, {:rustler_precompiled, "~> 0.8", [hex: :rustler_precompiled, repo: "hexpm", optional: false]}], "hexpm", "046207ab26908de8b99fbd799d35b1edc6318c2ccf891a8d58f90b7d2072e6bd"},
  "expo": {:hex, :expo, "1.1.0", "f7b9ed7fb5745ebe1eeedf3d6f29226c5dd52897ac67c0f8af62a07e661e5c75", [:mix], [], "hexpm", "fbadf93f4700fb44c331362177bdca9eeb8097e8b0ef525c9cc501cb9917c960"},
  "file_system": {:hex, :file_system, "1.1.0", "08d232062284546c6c34426997dd7ef6ec9f8bbd090eb91780283c9016840e8f", [:mix], [], "hexpm", "bfcf81244f416871f2a2e15c1b515287faa5db9c6bcf290222206d120b3d43f6"},
  "finch": {:hex, :finch, "0.20.0", "5330aefb6b010f424dcbbc4615d914e9e3deae40095e73ab0c1bb0968933cadf", [:mix], [{:mime, "~> 1.0 or ~> 2.0", [hex: :mime, repo: "hexpm", optional: false]}, {:mint, "~> 1.6.2 or ~> 1.7", [hex: :mint, repo: "hexpm", optional: false]}, {:nimble_options, "~> 0.4 or ~> 1.0", [hex: :nimble_options, repo: "hexpm", optional: false]}, {:nimble_pool, "~> 1.1", [hex: :nimble_pool, repo: "hexpm", optional: false]}, {:telemetry, "~> 0.4 or ~> 1.0", [hex: :telemetry, repo: "hexpm", optional: false]}], "hexpm", "2658131a74d051aabfcba936093c903b8e89da9a1b63e430bee62045fa9b2ee2"},
  "fss": {:hex, :fss, "0.1.1", "9db2344dbbb5d555ce442ac7c2f82dd975b605b50d169314a20f08ed21e08642", [:mix], [], "hexpm", "78ad5955c7919c3764065b21144913df7515d52e228c09427a004afe9c1a16b0"},
  "gettext": {:hex, :gettext, "0.26.2", "5978aa7b21fada6deabf1f6341ddba50bc69c999e812211903b169799208f2a8", [:mix], [{:expo, "~> 0.5.1 or ~> 1.0", [hex: :expo, repo: "hexpm", optional: false]}], "hexpm", "aa978504bcf76511efdc22d580ba08e2279caab1066b76bb9aa81c4a1e0a32a5"},
  "google_protos": {:hex, :google_protos, "0.4.0", "93e1be2c1a07517ffed761f69047776caf35e4acd385aac4f5ce4fedd07f3660", [:mix], [{:protobuf, "~> 0.10", [hex: :protobuf, repo: "hexpm", optional: false]}], "hexpm", "4c54983d78761a3643e2198adf0f5d40a5a8b08162f3fc91c50faa257f3fa19f"},
  "grpc": {:hex, :grpc, "0.9.0", "1b930a57272d4356ea65969b984c2eb04f3dab81420e1e28f0e6ec04b8f88515", [:mix], [{:castore, "~> 0.1 or ~> 1.0", [hex: :castore, repo: "hexpm", optional: true]}, {:cowboy, "~> 2.10", [hex: :cowboy, repo: "hexpm", optional: false]}, {:cowlib, "~> 2.12", [hex: :cowlib, repo: "hexpm", optional: false]}, {:gun, "~> 2.0", [hex: :gun, repo: "hexpm", optional: false]}, {:jason, ">= 0.0.0", [hex: :jason, repo: "hexpm", optional: true]}, {:mint, "~> 1.5", [hex: :mint, repo: "hexpm", optional: false]}, {:protobuf, "~> 0.11", [hex: :protobuf, repo: "hexpm", optional: false]}, {:telemetry, "~> 1.0", [hex: :telemetry, repo: "hexpm", optional: false]}], "hexpm", "7c059698248738fcf7ad551f1d78f4a3d2e0642a72a5834f2a0b0db4b9f3d2b5"},
  "grpc_reflection": {:hex, :grpc_reflection, "0.1.4", "0b3542801ff7078e53dc5dee3d79205f3b8d1fec391c6e890926a182f83d09e0", [:mix], [{:google_protos, "~> 0.4.0", [hex: :google_protos, repo: "hexpm", optional: false]}, {:grpc, "~> 0.7", [hex: :grpc, repo: "hexpm", optional: false]}, {:protobuf, "~> 0.11", [hex: :protobuf, repo: "hexpm", optional: false]}], "hexpm", "74a6148335305926b166a58c8e040f64501410d744be55ebe343a704003e994a"},
  "gun": {:hex, :gun, "2.2.0", "b8f6b7d417e277d4c2b0dc3c07dfdf892447b087f1cc1caff9c0f556b884e33d", [:make, :rebar3], [{:cowlib, ">= 2.15.0 and < 3.0.0", [hex: :cowlib, repo: "hexpm", optional: false]}], "hexpm", "76022700c64287feb4df93a1795cff6741b83fb37415c40c34c38d2a4645261a"},
  "hackney": {:hex, :hackney, "1.17.1", "08463f93d2cc1a03817bf28d8dae6021543f773bd436c9377047224856c4422c", [:rebar3], [{:certifi, "~> 2.5", [hex: :certifi, repo: "hexpm", optional: false]}, {:idna, "~> 6.1.0", [hex: :idna, repo: "hexpm", optional: false]}, {:metrics, "~> 1.0.0", [hex: :metrics, repo: "hexpm", optional: false]}, {:mimerl, "~> 1.1", [hex: :mimerl, repo: "hexpm", optional: false]}, {:parse_trans, "~> 3.3", [hex: :parse_trans, repo: "hexpm", optional: false]}, {:ssl_verify_fun, "~> 1.1.0", [hex: :ssl_verify_fun, repo: "hexpm", optional: false]}, {:unicode_util_compat, "~> 0.7.0", [hex: :unicode_util_compat, repo: "hexpm", optional: false]}], "hexpm", "d2cba9e3c8103ad0320623e9f1c33e8d378a15eaabe2ee8ae441898f3d35a18c"},
  "hpax": {:hex, :hpax, "1.0.3", "ed67ef51ad4df91e75cc6a1494f851850c0bd98ebc0be6e81b026e765ee535aa", [:mix], [], "hexpm", "8eab6e1cfa8d5918c2ce4ba43588e894af35dbd8e91e6e55c817bca5847df34a"},
  "hut": {:hex, :hut, "1.4.0", "7a1238ec00f95c9ec75412587ee11ac652eca308a7f4b8cc9629746d579d6cf0", [:"erlang.mk", :rebar3], [], "hexpm", "7af8704b9bae98a336f70d9560fc3c97f15665265fa603dbd05352e63d6ebb03"},
  "idna": {:hex, :idna, "6.1.1", "8a63070e9f7d0c62eb9d9fcb360a7de382448200fbbd1b106cc96d3d8099df8d", [:rebar3], [{:unicode_util_compat, "~> 0.7.0", [hex: :unicode_util_compat, repo: "hexpm", optional: false]}], "hexpm", "92376eb7894412ed19ac475e4a86f7b413c1b9fbb5bd16dccd57934157944cea"},
  "jason": {:hex, :jason, "1.4.4", "b9226785a9aa77b6857ca22832cffa5d5011a667207eb2a0ad56adb5db443b8a", [:mix], [{:decimal, "~> 1.0 or ~> 2.0", [hex: :decimal, repo: "hexpm", optional: true]}], "hexpm", "c5eb0cab91f094599f94d55bc63409236a8ec69a21a67814529e8d5f6cc90b3b"},
  "kino": {:git, "https://github.com/livebook-dev/kino", "cb7dceb36caeee626707eebb738c78d1fbf9ff53", []},
  "kino_kroki": {:hex, :kino_kroki, "0.1.0", "ed297cbb86f002680ac110f6d43527e663d466353a35b1f4d686f90599dfd922", [:mix], [{:kino, "~> 0.7", [hex: :kino, repo: "hexpm", optional: false]}], "hexpm", "d4a9617f3e4b1b89d8d8e8bffd92343d2cbab27d84ca4c67b48d02b0b06f4fe7"},
  "lexical_credo": {:hex, :lexical_credo, "0.1.1", "7a49abd1e1f4fd8d1b4e8fa7ef60e2fa721e44a136ab1170926838d6ba4c55c8", [:mix], [{:credo, "> 0.0.0", [hex: :credo, repo: "hexpm", optional: true]}, {:jason, "> 0.0.0", [hex: :jason, repo: "hexpm", optional: true]}, {:lexical_plugin, "> 0.0.0", [hex: :lexical_plugin, repo: "hexpm", optional: false]}], "hexpm", "924bd64e29e1c681be57e22f87df0139eb5be0ccd91d76854bc91652ff9dcc6c"},
  "lexical_plugin": {:hex, :lexical_plugin, "0.5.0", "c21cb9cd244eb35e9e64758cfda3176ba38879697383a238f24bb4aae60d7c94", [:mix], [{:lexical_shared, "~> 0.5", [hex: :lexical_shared, repo: "hexpm", optional: false]}], "hexpm", "274abcd8b0316e01e6d70435f6ca1c74cf688c5a878a4164b09705cc74583f3d"},
  "lexical_shared": {:hex, :lexical_shared, "0.5.0", "7a55c7080fcc933689ee4a5ea5f20406129645499ffb6a378d2a8adda28e5cdf", [:mix], [], "hexpm", "c100e582e2d3b4d7dbe9658f9ea4ef0e17a3d64d01b37e3797e366ed641612e2"},
  "makeup": {:hex, :makeup, "1.2.1", "e90ac1c65589ef354378def3ba19d401e739ee7ee06fb47f94c687016e3713d1", [:mix], [{:nimble_parsec, "~> 1.4", [hex: :nimble_parsec, repo: "hexpm", optional: false]}], "hexpm", "d36484867b0bae0fea568d10131197a4c2e47056a6fbe84922bf6ba71c8d17ce"},
  "makeup_elixir": {:hex, :makeup_elixir, "1.0.1", "e928a4f984e795e41e3abd27bfc09f51db16ab8ba1aebdba2b3a575437efafc2", [:mix], [{:makeup, "~> 1.0", [hex: :makeup, repo: "hexpm", optional: false]}, {:nimble_parsec, "~> 1.2.3 or ~> 1.3", [hex: :nimble_parsec, repo: "hexpm", optional: false]}], "hexpm", "7284900d412a3e5cfd97fdaed4f5ed389b8f2b4cb49efc0eb3bd10e2febf9507"},
  "makeup_erlang": {:hex, :makeup_erlang, "1.0.2", "03e1804074b3aa64d5fad7aa64601ed0fb395337b982d9bcf04029d68d51b6a7", [:mix], [{:makeup, "~> 1.0", [hex: :makeup, repo: "hexpm", optional: false]}], "hexpm", "af33ff7ef368d5893e4a267933e7744e46ce3cf1f61e2dccf53a111ed3aa3727"},
  "memoize": {:hex, :memoize, "1.4.3", "ead4ba248291acbaecbfe7e68ed762d329dd9c29c727020c7393dda4060c4471", [:mix], [], "hexpm", "a75176b84b9ce92faaf567c82fcbc584ef95727e0827cb38606b0a197f7e47ef"},
  "metrics": {:hex, :metrics, "1.0.1", "25f094dea2cda98213cecc3aeff09e940299d950904393b2a29d191c346a8486", [:rebar3], [], "hexpm", "69b09adddc4f74a40716ae54d140f93beb0fb8978d8636eaded0c31b6f099f16"},
  "mime": {:hex, :mime, "2.0.7", "b8d739037be7cd402aee1ba0306edfdef982687ee7e9859bee6198c1e7e2f128", [:mix], [], "hexpm", "6171188e399ee16023ffc5b76ce445eb6d9672e2e241d2df6050f3c771e80ccd"},
  "mimerl": {:hex, :mimerl, "1.4.0", "3882a5ca67fbbe7117ba8947f27643557adec38fa2307490c4c4207624cb213b", [:rebar3], [], "hexpm", "13af15f9f68c65884ecca3a3891d50a7b57d82152792f3e19d88650aa126b144"},
  "mint": {:hex, :mint, "1.7.1", "113fdb2b2f3b59e47c7955971854641c61f378549d73e829e1768de90fc1abf1", [:mix], [{:castore, "~> 0.1.0 or ~> 1.0", [hex: :castore, repo: "hexpm", optional: true]}, {:hpax, "~> 0.1.1 or ~> 0.2.0 or ~> 1.0", [hex: :hpax, repo: "hexpm", optional: false]}], "hexpm", "fceba0a4d0f24301ddee3024ae116df1c3f4bb7a563a731f45fdfeb9d39a231b"},
  "mnesia_rocksdb": {:git, "https://github.com/m1dnight/mnesia_rocksdb", "94326cdd3a272c65b35704a027276478571e5325", [branch: "upgrade-rocksdb"]},
  "msgpack": {:hex, :msgpack, "0.8.1", "deb35c13291eafe56ad9870374c2eaa92323dc5503d50432ebcaf47052e6d343", [:rebar3], [], "hexpm", "04d9a75bc6f4bed8627ee1e7aa9df37601f510fdc786a84fe932bb21d765565f"},
  "murmur": {:hex, :murmur, "2.0.0", "ffd64af879014b51c449aec38e2d460547270b88280f052cecda0a0ce4589188", [:mix], [], "hexpm", "2e96baf65a1a8b5af82ee509d6089ddf717af7e8ce0ed80d4c53819ca2fc2ffd"},
  "nimble_options": {:hex, :nimble_options, "1.1.1", "e3a492d54d85fc3fd7c5baf411d9d2852922f66e69476317787a7b2bb000a61b", [:mix], [], "hexpm", "821b2470ca9442c4b6984882fe9bb0389371b8ddec4d45a9504f00a66f650b44"},
  "nimble_parsec": {:hex, :nimble_parsec, "1.4.2", "8efba0122db06df95bfaa78f791344a89352ba04baedd3849593bfce4d0dc1c6", [:mix], [], "hexpm", "4b21398942dda052b403bbe1da991ccd03a053668d147d53fb8c4e0efe09c973"},
  "nimble_pool": {:hex, :nimble_pool, "1.1.0", "bf9c29fbdcba3564a8b800d1eeb5a3c58f36e1e11d7b7fb2e084a643f645f06b", [:mix], [], "hexpm", "af2e4e6b34197db81f7aad230c1118eac993acc0dae6bc83bac0126d4ae0813a"},
  "open_api_spex": {:hex, :open_api_spex, "3.21.5", "ff0c7fe5ceff9a56b9b0bb5a6dcfb7bc96e8afc563a3bef6ae91927de4d38b8e", [:mix], [{:decimal, "~> 1.0 or ~> 2.0", [hex: :decimal, repo: "hexpm", optional: true]}, {:jason, "~> 1.0", [hex: :jason, repo: "hexpm", optional: true]}, {:plug, "~> 1.7", [hex: :plug, repo: "hexpm", optional: false]}, {:poison, "~> 3.0 or ~> 4.0 or ~> 5.0 or ~> 6.0", [hex: :poison, repo: "hexpm", optional: true]}, {:ymlr, "~> 2.0 or ~> 3.0 or ~> 4.0 or ~> 5.0", [hex: :ymlr, repo: "hexpm", optional: true]}], "hexpm", "bd83c8f462222236fa85044098ba3bf57f7b7d7fd5286e6bc0060c7916f7c0d8"},
  "optimus": {:hex, :optimus, "0.5.1", "cfa45641901f63ead47f7ed1f22d7c9c2e74bf9e32756beef3ac5334fe0b01ff", [:mix], [], "hexpm", "95c669e25e05e7f2a47bc1ff25ac237a19505f56135e9bfe88bc63ddbe60c07a"},
  "parse_trans": {:hex, :parse_trans, "3.4.2", "c352ddc1a0d5e54f9b1654d45f9c432eef76f9cea371c55ddff769ef688fdb74", [:rebar3], [], "hexpm", "4c25347de3b7c35732d32e69ab43d1ceee0beae3f3b3ade1b59cbd3dd224d9ca"},
  "phoenix": {:hex, :phoenix, "1.7.21", "14ca4f1071a5f65121217d6b57ac5712d1857e40a0833aff7a691b7870fc9a3b", [:mix], [{:castore, ">= 0.0.0", [hex: :castore, repo: "hexpm", optional: false]}, {:jason, "~> 1.0", [hex: :jason, repo: "hexpm", optional: true]}, {:phoenix_pubsub, "~> 2.1", [hex: :phoenix_pubsub, repo: "hexpm", optional: false]}, {:phoenix_template, "~> 1.0", [hex: :phoenix_template, repo: "hexpm", optional: false]}, {:phoenix_view, "~> 2.0", [hex: :phoenix_view, repo: "hexpm", optional: true]}, {:plug, "~> 1.14", [hex: :plug, repo: "hexpm", optional: false]}, {:plug_cowboy, "~> 2.7", [hex: :plug_cowboy, repo: "hexpm", optional: true]}, {:plug_crypto, "~> 1.2 or ~> 2.0", [hex: :plug_crypto, repo: "hexpm", optional: false]}, {:telemetry, "~> 0.4 or ~> 1.0", [hex: :telemetry, repo: "hexpm", optional: false]}, {:websock_adapter, "~> 0.5.3", [hex: :websock_adapter, repo: "hexpm", optional: false]}], "hexpm", "336dce4f86cba56fed312a7d280bf2282c720abb6074bdb1b61ec8095bdd0bc9"},
  "phoenix_pubsub": {:hex, :phoenix_pubsub, "2.1.3", "3168d78ba41835aecad272d5e8cd51aa87a7ac9eb836eabc42f6e57538e3731d", [:mix], [], "hexpm", "bba06bc1dcfd8cb086759f0edc94a8ba2bc8896d5331a1e2c2902bf8e36ee502"},
  "phoenix_template": {:hex, :phoenix_template, "1.0.4", "e2092c132f3b5e5b2d49c96695342eb36d0ed514c5b252a77048d5969330d639", [:mix], [{:phoenix_html, "~> 2.14.2 or ~> 3.0 or ~> 4.0", [hex: :phoenix_html, repo: "hexpm", optional: true]}], "hexpm", "2c0c81f0e5c6753faf5cca2f229c9709919aba34fab866d3bc05060c9c444206"},
  "plug": {:hex, :plug, "1.18.1", "5067f26f7745b7e31bc3368bc1a2b818b9779faa959b49c934c17730efc911cf", [:mix], [{:mime, "~> 1.0 or ~> 2.0", [hex: :mime, repo: "hexpm", optional: false]}, {:plug_crypto, "~> 1.1.1 or ~> 1.2 or ~> 2.0", [hex: :plug_crypto, repo: "hexpm", optional: false]}, {:telemetry, "~> 0.4.3 or ~> 1.0", [hex: :telemetry, repo: "hexpm", optional: false]}], "hexpm", "57a57db70df2b422b564437d2d33cf8d33cd16339c1edb190cd11b1a3a546cc2"},
  "plug_crypto": {:hex, :plug_crypto, "2.1.1", "19bda8184399cb24afa10be734f84a16ea0a2bc65054e23a62bb10f06bc89491", [:mix], [], "hexpm", "6470bce6ffe41c8bd497612ffde1a7e4af67f36a15eea5f921af71cf3e11247c"},
  "protobuf": {:hex, :protobuf, "0.11.0", "58d5531abadea3f71135e97bd214da53b21adcdb5b1420aee63f4be8173ec927", [:mix], [{:jason, "~> 1.2", [hex: :jason, repo: "hexpm", optional: true]}], "hexpm", "30ad9a867a5c5a0616cac9765c4d2c2b7b0030fa81ea6d0c14c2eb5affb6ac52"},
  "qex": {:hex, :qex, "0.5.1", "0d82c0f008551d24fffb99d97f8299afcb8ea9cf99582b770bd004ed5af63fd6", [:mix], [], "hexpm", "935a39fdaf2445834b95951456559e9dc2063d0a055742c558a99987b38d6bab"},
  "ranch": {:hex, :ranch, "2.2.0", "25528f82bc8d7c6152c57666ca99ec716510fe0925cb188172f41ce93117b1b0", [:make, :rebar3], [], "hexpm", "fa0b99a1780c80218a4197a59ea8d3bdae32fbff7e88527d7d8a4787eff4f8e7"},
  "recon": {:hex, :recon, "2.5.6", "9052588e83bfedfd9b72e1034532aee2a5369d9d9343b61aeb7fbce761010741", [:mix, :rebar3], [], "hexpm", "96c6799792d735cc0f0fd0f86267e9d351e63339cbe03df9d162010cefc26bb0"},
  "redbug": {:hex, :redbug, "2.1.0", "30477a303bf6a62ef02d7c7ac53a6325104dbb7e791d52fe9e7f8b92488b07ef", [:rebar3], [], "hexpm", "55d6d59697481ca4cc5ad54749aa6d78299aa8a8096027e7ae1f59db9dc94c78"},
  "req": {:hex, :req, "0.5.15", "662020efb6ea60b9f0e0fac9be88cd7558b53fe51155a2d9899de594f9906ba9", [:mix], [{:brotli, "~> 0.3.1", [hex: :brotli, repo: "hexpm", optional: true]}, {:ezstd, "~> 1.0", [hex: :ezstd, repo: "hexpm", optional: true]}, {:finch, "~> 0.17", [hex: :finch, repo: "hexpm", optional: false]}, {:jason, "~> 1.0", [hex: :jason, repo: "hexpm", optional: false]}, {:mime, "~> 2.0.6 or ~> 2.1", [hex: :mime, repo: "hexpm", optional: false]}, {:nimble_csv, "~> 1.0", [hex: :nimble_csv, repo: "hexpm", optional: true]}, {:plug, "~> 1.0", [hex: :plug, repo: "hexpm", optional: true]}], "hexpm", "a6513a35fad65467893ced9785457e91693352c70b58bbc045b47e5eb2ef0c53"},
  "rexbug": {:hex, :rexbug, "2.0.0-rc1", "0cf0dd3fea622364dfc2bfb7ef6f1d31af1c9c1f69e1db16ac21451b15200780", [:mix], [{:redbug, "~> 2.0", [hex: :redbug, repo: "hexpm", optional: false]}], "hexpm", "c54cd70b6a2835322d87c2b5d755f76b7d0529bec28b687fbe72b7fd083bc718"},
  "rocksdb": {:git, "https://github.com/emqx/erlang-rocksdb.git", "b0e767172483b01f5bd46fd06b2604e14e78bd42", [ref: "b0e76717"]},
  "rustler": {:hex, :rustler, "0.31.0", "7e5eefe61e6e6f8901e5aa3de60073d360c6320d9ec363027b0197297b80c46a", [:mix], [{:jason, "~> 1.0", [hex: :jason, repo: "hexpm", optional: false]}, {:toml, "~> 0.6", [hex: :toml, repo: "hexpm", optional: false]}], "hexpm", "99e378459bfb9c3bda6d3548b2b3bc6f9ad97f728f76bdbae7bf5c770a4f8abd"},
  "rustler_precompiled": {:hex, :rustler_precompiled, "0.8.2", "5f25cbe220a8fac3e7ad62e6f950fcdca5a5a5f8501835d2823e8c74bf4268d5", [:mix], [{:castore, "~> 0.1 or ~> 1.0", [hex: :castore, repo: "hexpm", optional: false]}, {:rustler, "~> 0.23", [hex: :rustler, repo: "hexpm", optional: true]}], "hexpm", "63d1bd5f8e23096d1ff851839923162096364bac8656a4a3c00d1fff8e83ee0a"},
  "sext": {:hex, :sext, "1.8.0", "90a95b889f5c781b70bbcf44278b763148e313c376b60d87ce664cb1c1dd29b5", [:rebar3], [], "hexpm", "bc6016cb8690baf677eacacfe6e7cadfec8dc7e286cbbed762f6cd55b0678e73"},
  "ssl_verify_fun": {:hex, :ssl_verify_fun, "1.1.7", "354c321cf377240c7b8716899e182ce4890c5938111a1296add3ec74cf1715df", [:make, :mix, :rebar3], [], "hexpm", "fe4c190e8f37401d30167c8c405eda19469f34577987c76dde613e838bbc67f8"},
  "table": {:hex, :table, "0.1.2", "87ad1125f5b70c5dea0307aa633194083eb5182ec537efc94e96af08937e14a8", [:mix], [], "hexpm", "7e99bc7efef806315c7e65640724bf165c3061cdc5d854060f74468367065029"},
  "telemetry": {:hex, :telemetry, "1.3.0", "fedebbae410d715cf8e7062c96a1ef32ec22e764197f70cda73d82778d61e7a2", [:rebar3], [], "hexpm", "7015fc8919dbe63764f4b4b87a95b7c0996bd539e0d499be6ec9d7f3875b79e6"},
  "thousand_island": {:hex, :thousand_island, "1.3.14", "ad45ebed2577b5437582bcc79c5eccd1e2a8c326abf6a3464ab6c06e2055a34a", [:mix], [{:telemetry, "~> 0.4 or ~> 1.0", [hex: :telemetry, repo: "hexpm", optional: false]}], "hexpm", "d0d24a929d31cdd1d7903a4fe7f2409afeedff092d277be604966cd6aa4307ef"},
  "timex": {:hex, :timex, "3.7.13", "0688ce11950f5b65e154e42b47bf67b15d3bc0e0c3def62199991b8a8079a1e2", [:mix], [{:combine, "~> 0.10", [hex: :combine, repo: "hexpm", optional: false]}, {:gettext, "~> 0.26", [hex: :gettext, repo: "hexpm", optional: false]}, {:tzdata, "~> 1.1", [hex: :tzdata, repo: "hexpm", optional: false]}], "hexpm", "09588e0522669328e973b8b4fd8741246321b3f0d32735b589f78b136e6d4c54"},
  "toml": {:hex, :toml, "0.7.0", "fbcd773caa937d0c7a02c301a1feea25612720ac3fa1ccb8bfd9d30d822911de", [:mix], [], "hexpm", "0690246a2478c1defd100b0c9b89b4ea280a22be9a7b313a8a058a2408a2fa70"},
  "typed_struct": {:hex, :typed_struct, "0.3.0", "939789e3c1dca39d7170c87f729127469d1315dcf99fee8e152bb774b17e7ff7", [:mix], [], "hexpm", "c50bd5c3a61fe4e198a8504f939be3d3c85903b382bde4865579bc23111d1b6d"},
  "tzdata": {:hex, :tzdata, "1.1.3", "b1cef7bb6de1de90d4ddc25d33892b32830f907e7fc2fccd1e7e22778ab7dfbc", [:mix], [{:hackney, "~> 1.17", [hex: :hackney, repo: "hexpm", optional: false]}], "hexpm", "d4ca85575a064d29d4e94253ee95912edfb165938743dbf002acdf0dcecb0c28"},
  "unclog": {:git, "https://github.com/m1dnight/unclog", "896e74b84e2692610bb2f242df196abd406f68b5", [branch: "main"]},
  "unicode_util_compat": {:hex, :unicode_util_compat, "0.7.1", "a48703a25c170eedadca83b11e88985af08d35f37c6f664d6dcfb106a97782fc", [:rebar3], [], "hexpm", "b3a917854ce3ae233619744ad1e0102e05673136776fb2fa76234f3e03b23642"},
  "websock": {:hex, :websock, "0.5.3", "2f69a6ebe810328555b6fe5c831a851f485e303a7c8ce6c5f675abeb20ebdadc", [:mix], [], "hexpm", "6105453d7fac22c712ad66fab1d45abdf049868f253cf719b625151460b8b453"},
  "websock_adapter": {:hex, :websock_adapter, "0.5.8", "3b97dc94e407e2d1fc666b2fb9acf6be81a1798a2602294aac000260a7c4a47d", [:mix], [{:bandit, ">= 0.6.0", [hex: :bandit, repo: "hexpm", optional: true]}, {:plug, "~> 1.14", [hex: :plug, repo: "hexpm", optional: false]}, {:plug_cowboy, "~> 2.6", [hex: :plug_cowboy, repo: "hexpm", optional: true]}, {:websock, "~> 0.5", [hex: :websock, repo: "hexpm", optional: false]}], "hexpm", "315b9a1865552212b5f35140ad194e67ce31af45bcee443d4ecb96b5fd3f3782"},
}
