%{
  "anoma_lib": {:git, "https://github.com/anoma/anoma-lib", "835dca2a4e8c600b34a76c0007d62a19c8e9a808", [tag: "v1.0.1"]},
  "anoma_protobuf": {:git, "https://github.com/anoma/anoma-protobuf", "8235a9dc6ee5c7ae7839b5dd89e65912b57a6e99", [tag: "v1.0.0"]},
  "bunt": {:hex, :bunt, "1.0.0", "081c2c665f086849e6d57900292b3a161727ab40431219529f13c4ddcf3e7a44", [:mix], [], "hexpm", "dc5f86aa08a5f6fa6b8096f0735c4e76d54ae5c9fa2c143e5a1fc7c1cd9bb6b5"},
  "cairo": {:git, "https://github.com/anoma/aarm-cairo", "a5a2778a4ad9b2ff40cea471ac777089149b9fda", [ref: "a5a2778a4ad9b2ff40cea471ac777089149b9fda"]},
  "compile_protoc": {:git, "https://github.com/anoma/compile-protoc", "db7394a422ef6125436e063ba1cf42d990f5c506", [tag: "v1.0.0"]},
  "cowboy": {:hex, :cowboy, "2.14.2", "4008be1df6ade45e4f2a4e9e2d22b36d0b5aba4e20b0a0d7049e28d124e34847", [:make, :rebar3], [{:cowlib, ">= 2.16.0 and < 3.0.0", [hex: :cowlib, repo: "hexpm", optional: false]}, {:ranch, ">= 1.8.0 and < 3.0.0", [hex: :ranch, repo: "hexpm", optional: false]}], "hexpm", "569081da046e7b41b5df36aa359be71a0c8874e5b9cff6f747073fc57baf1ab9"},
  "cowlib": {:hex, :cowlib, "2.16.0", "54592074ebbbb92ee4746c8a8846e5605052f29309d3a873468d76cdf932076f", [:make, :rebar3], [], "hexpm", "7f478d80d66b747344f0ea7708c187645cfcc08b11aa424632f78e25bf05db51"},
  "credo": {:hex, :credo, "1.7.17", "f92b6aa5b26301eaa5a35e4d48ebf5aa1e7094ac00ae38f87086c562caf8a22f", [:mix], [{:bunt, "~> 0.2.1 or ~> 1.0", [hex: :bunt, repo: "hexpm", optional: false]}, {:file_system, "~> 0.2 or ~> 1.0", [hex: :file_system, repo: "hexpm", optional: false]}, {:jason, "~> 1.0", [hex: :jason, repo: "hexpm", optional: false]}], "hexpm", "1eb5645c835f0b6c9b5410f94b5a185057bcf6d62a9c2b476da971cde8749645"},
  "dialyxir": {:hex, :dialyxir, "1.4.7", "dda948fcee52962e4b6c5b4b16b2d8fa7d50d8645bbae8b8685c3f9ecb7f5f4d", [:mix], [{:erlex, ">= 0.2.8", [hex: :erlex, repo: "hexpm", optional: false]}], "hexpm", "b34527202e6eb8cee198efec110996c25c5898f43a4094df157f8d28f27d9efe"},
  "earmark_parser": {:hex, :earmark_parser, "1.4.44", "f20830dd6b5c77afe2b063777ddbbff09f9759396500cdbe7523efd58d7a339c", [:mix], [], "hexpm", "4778ac752b4701a5599215f7030989c989ffdc4f6df457c5f36938cc2d2a2750"},
  "enacl": {:git, "https://github.com/anoma/enacl/", "23173637c495b85d56f205e4721cfe5afdef92e9", [ref: "23173637c495b85d56f205e4721cfe5afdef92e9"]},
  "erlex": {:hex, :erlex, "0.2.8", "cd8116f20f3c0afe376d1e8d1f0ae2452337729f68be016ea544a72f767d9c12", [:mix], [], "hexpm", "9d66ff9fedf69e49dc3fd12831e12a8a37b76f8651dd21cd45fcf5561a8a7590"},
  "event_broker": {:git, "https://github.com/anoma/event-broker", "2c09ce822934b261497ad61200b45cfdf6613743", [tag: "v1.0.0"]},
  "ex_doc": {:hex, :ex_doc, "0.40.1", "67542e4b6dde74811cfd580e2c0149b78010fd13001fda7cfeb2b2c2ffb1344d", [:mix], [{:earmark_parser, "~> 1.4.44", [hex: :earmark_parser, repo: "hexpm", optional: false]}, {:makeup_c, ">= 0.1.0", [hex: :makeup_c, repo: "hexpm", optional: true]}, {:makeup_elixir, "~> 0.14 or ~> 1.0", [hex: :makeup_elixir, repo: "hexpm", optional: false]}, {:makeup_erlang, "~> 0.1 or ~> 1.0", [hex: :makeup_erlang, repo: "hexpm", optional: false]}, {:makeup_html, ">= 0.1.0", [hex: :makeup_html, repo: "hexpm", optional: true]}], "hexpm", "bcef0e2d360d93ac19f01a85d58f91752d930c0a30e2681145feea6bd3516e00"},
  "ex_keccak": {:hex, :ex_keccak, "0.7.8", "be1cf194d3158f0a305eaed0334e478d0d0f2c827e7c1f8f0e1e2a667da5a8ac", [:mix], [{:rustler, ">= 0.0.0", [hex: :rustler, repo: "hexpm", optional: true]}, {:rustler_precompiled, "~> 0.8", [hex: :rustler_precompiled, repo: "hexpm", optional: false]}], "hexpm", "52de5b42b718df2534fb9a55780d8a05bbaea539f867c3e7c0a8e7e1d5f149d9"},
  "ex_secp256k1": {:hex, :ex_secp256k1, "0.7.6", "49ea3b07dbc55e2b339e2cd54c6fcb3434620e2de1dfbb4b4f41351384119579", [:mix], [{:rustler, ">= 0.0.0", [hex: :rustler, repo: "hexpm", optional: true]}, {:rustler_precompiled, "~> 0.8", [hex: :rustler_precompiled, repo: "hexpm", optional: false]}], "hexpm", "b84c9c4d85b47410cd951222b4d2b644cdbff96f4f83bc5ac96ee15d850a113c"},
  "file_system": {:hex, :file_system, "1.1.1", "31864f4685b0148f25bd3fbef2b1228457c0c89024ad67f7a81a3ffbc0bbad3a", [:mix], [], "hexpm", "7a15ff97dfe526aeefb090a7a9d3d03aa907e100e262a0f8f7746b78f8f87a5d"},
  "grpc": {:hex, :grpc, "0.9.0", "1b930a57272d4356ea65969b984c2eb04f3dab81420e1e28f0e6ec04b8f88515", [:mix], [{:castore, "~> 0.1 or ~> 1.0", [hex: :castore, repo: "hexpm", optional: true]}, {:cowboy, "~> 2.10", [hex: :cowboy, repo: "hexpm", optional: false]}, {:cowlib, "~> 2.12", [hex: :cowlib, repo: "hexpm", optional: false]}, {:gun, "~> 2.0", [hex: :gun, repo: "hexpm", optional: false]}, {:jason, ">= 0.0.0", [hex: :jason, repo: "hexpm", optional: true]}, {:mint, "~> 1.5", [hex: :mint, repo: "hexpm", optional: false]}, {:protobuf, "~> 0.11", [hex: :protobuf, repo: "hexpm", optional: false]}, {:telemetry, "~> 1.0", [hex: :telemetry, repo: "hexpm", optional: false]}], "hexpm", "7c059698248738fcf7ad551f1d78f4a3d2e0642a72a5834f2a0b0db4b9f3d2b5"},
  "gun": {:hex, :gun, "2.2.0", "b8f6b7d417e277d4c2b0dc3c07dfdf892447b087f1cc1caff9c0f556b884e33d", [:make, :rebar3], [{:cowlib, ">= 2.15.0 and < 3.0.0", [hex: :cowlib, repo: "hexpm", optional: false]}], "hexpm", "76022700c64287feb4df93a1795cff6741b83fb37415c40c34c38d2a4645261a"},
  "hpax": {:hex, :hpax, "1.0.3", "ed67ef51ad4df91e75cc6a1494f851850c0bd98ebc0be6e81b026e765ee535aa", [:mix], [], "hexpm", "8eab6e1cfa8d5918c2ce4ba43588e894af35dbd8e91e6e55c817bca5847df34a"},
  "hut": {:hex, :hut, "1.4.0", "7a1238ec00f95c9ec75412587ee11ac652eca308a7f4b8cc9629746d579d6cf0", [:"erlang.mk", :rebar3], [], "hexpm", "7af8704b9bae98a336f70d9560fc3c97f15665265fa603dbd05352e63d6ebb03"},
  "jason": {:hex, :jason, "1.4.4", "b9226785a9aa77b6857ca22832cffa5d5011a667207eb2a0ad56adb5db443b8a", [:mix], [{:decimal, "~> 1.0 or ~> 2.0", [hex: :decimal, repo: "hexpm", optional: true]}], "hexpm", "c5eb0cab91f094599f94d55bc63409236a8ec69a21a67814529e8d5f6cc90b3b"},
  "makeup": {:hex, :makeup, "1.2.1", "e90ac1c65589ef354378def3ba19d401e739ee7ee06fb47f94c687016e3713d1", [:mix], [{:nimble_parsec, "~> 1.4", [hex: :nimble_parsec, repo: "hexpm", optional: false]}], "hexpm", "d36484867b0bae0fea568d10131197a4c2e47056a6fbe84922bf6ba71c8d17ce"},
  "makeup_elixir": {:hex, :makeup_elixir, "1.0.1", "e928a4f984e795e41e3abd27bfc09f51db16ab8ba1aebdba2b3a575437efafc2", [:mix], [{:makeup, "~> 1.0", [hex: :makeup, repo: "hexpm", optional: false]}, {:nimble_parsec, "~> 1.2.3 or ~> 1.3", [hex: :nimble_parsec, repo: "hexpm", optional: false]}], "hexpm", "7284900d412a3e5cfd97fdaed4f5ed389b8f2b4cb49efc0eb3bd10e2febf9507"},
  "makeup_erlang": {:hex, :makeup_erlang, "1.0.3", "4252d5d4098da7415c390e847c814bad3764c94a814a0b4245176215615e1035", [:mix], [{:makeup, "~> 1.0", [hex: :makeup, repo: "hexpm", optional: false]}], "hexpm", "953297c02582a33411ac6208f2c6e55f0e870df7f80da724ed613f10e6706afd"},
  "memoize": {:hex, :memoize, "1.4.5", "cd939ae2cc21772361a0944c7e2aa6eec6396820c1b8d22cc2725bcc7f4f978c", [:mix], [], "hexpm", "72cd8cb9871e83a8c7ac316ea88813a31f8e918ffb4880892e361c9e4f696b9a"},
  "mint": {:hex, :mint, "1.7.1", "113fdb2b2f3b59e47c7955971854641c61f378549d73e829e1768de90fc1abf1", [:mix], [{:castore, "~> 0.1.0 or ~> 1.0", [hex: :castore, repo: "hexpm", optional: true]}, {:hpax, "~> 0.1.1 or ~> 0.2.0 or ~> 1.0", [hex: :hpax, repo: "hexpm", optional: false]}], "hexpm", "fceba0a4d0f24301ddee3024ae116df1c3f4bb7a563a731f45fdfeb9d39a231b"},
  "mnesia_rocksdb": {:git, "https://github.com/mariari/mnesia_rocksdb", "528de118f50b49137b7452963a580c0f13bfb3b0", [branch: "mariari/bump-rocksdb-9.10"]},
  "murmur": {:hex, :murmur, "2.0.0", "ffd64af879014b51c449aec38e2d460547270b88280f052cecda0a0ce4589188", [:mix], [], "hexpm", "2e96baf65a1a8b5af82ee509d6089ddf717af7e8ce0ed80d4c53819ca2fc2ffd"},
  "nimble_parsec": {:hex, :nimble_parsec, "1.4.2", "8efba0122db06df95bfaa78f791344a89352ba04baedd3849593bfce4d0dc1c6", [:mix], [], "hexpm", "4b21398942dda052b403bbe1da991ccd03a053668d147d53fb8c4e0efe09c973"},
  "parse_trans": {:hex, :parse_trans, "3.4.2", "c352ddc1a0d5e54f9b1654d45f9c432eef76f9cea371c55ddff769ef688fdb74", [:rebar3], [], "hexpm", "4c25347de3b7c35732d32e69ab43d1ceee0beae3f3b3ade1b59cbd3dd224d9ca"},
  "protobuf": {:hex, :protobuf, "0.11.0", "58d5531abadea3f71135e97bd214da53b21adcdb5b1420aee63f4be8173ec927", [:mix], [{:jason, "~> 1.2", [hex: :jason, repo: "hexpm", optional: true]}], "hexpm", "30ad9a867a5c5a0616cac9765c4d2c2b7b0030fa81ea6d0c14c2eb5affb6ac52"},
  "ranch": {:hex, :ranch, "2.2.0", "25528f82bc8d7c6152c57666ca99ec716510fe0925cb188172f41ce93117b1b0", [:make, :rebar3], [], "hexpm", "fa0b99a1780c80218a4197a59ea8d3bdae32fbff7e88527d7d8a4787eff4f8e7"},
  "rocksdb": {:git, "https://github.com/emqx/erlang-rocksdb.git", "d3481881fa70ff116846a73cc58b540a6c444f4a", [tag: "9.10.0-emqx-2"]},
  "rustler": {:hex, :rustler, "0.31.0", "7e5eefe61e6e6f8901e5aa3de60073d360c6320d9ec363027b0197297b80c46a", [:mix], [{:jason, "~> 1.0", [hex: :jason, repo: "hexpm", optional: false]}, {:toml, "~> 0.6", [hex: :toml, repo: "hexpm", optional: false]}], "hexpm", "99e378459bfb9c3bda6d3548b2b3bc6f9ad97f728f76bdbae7bf5c770a4f8abd"},
  "rustler_precompiled": {:hex, :rustler_precompiled, "0.9.0", "3a052eda09f3d2436364645cc1f13279cf95db310eb0c17b0d8f25484b233aa0", [:mix], [{:rustler, "~> 0.23", [hex: :rustler, repo: "hexpm", optional: true]}], "hexpm", "471d97315bd3bf7b64623418b3693eedd8e47de3d1cb79a0ac8f9da7d770d94c"},
  "sext": {:hex, :sext, "1.8.0", "90a95b889f5c781b70bbcf44278b763148e313c376b60d87ce664cb1c1dd29b5", [:rebar3], [], "hexpm", "bc6016cb8690baf677eacacfe6e7cadfec8dc7e286cbbed762f6cd55b0678e73"},
  "telemetry": {:hex, :telemetry, "1.4.1", "ab6de178e2b29b58e8256b92b382ea3f590a47152ca3651ea857a6cae05ac423", [:rebar3], [], "hexpm", "2172e05a27531d3d31dd9782841065c50dd5c3c7699d95266b2edd54c2dafa1c"},
  "toml": {:hex, :toml, "0.7.0", "fbcd773caa937d0c7a02c301a1feea25612720ac3fa1ccb8bfd9d30d822911de", [:mix], [], "hexpm", "0690246a2478c1defd100b0c9b89b4ea280a22be9a7b313a8a058a2408a2fa70"},
  "typed_struct": {:hex, :typed_struct, "0.3.0", "939789e3c1dca39d7170c87f729127469d1315dcf99fee8e152bb774b17e7ff7", [:mix], [], "hexpm", "c50bd5c3a61fe4e198a8504f939be3d3c85903b382bde4865579bc23111d1b6d"},
}
